{
  "requires": true,
  "lockfileVersion": 1,
  "dependencies": {
    "camelcase": {
      "version": "4.1.0",
      "resolved": "https://registry.npmjs.org/camelcase/-/camelcase-4.1.0.tgz",
      "integrity": "sha1-1UVjW+HjPFQmScaRc+Xeas+uNN0="
    },
    "formic": {
      "version": "0.0.10",
      "resolved": "https://registry.npmjs.org/formic/-/formic-0.0.10.tgz",
      "integrity": "sha512-bCV8czSbPIKtMW2StaSki4z6Yl+laAwOaE9BAPMXZsY5UXiJFKEz0tl78AOTQUsfWOyrF+GJPJXyp3UGy0o4cQ==",
      "requires": {
        "camelcase": "^4.1.0",
        "lodash": "^4.17.5"
      }
    },
    "lodash": {
      "version": "4.17.15",
      "resolved": "https://registry.npmjs.org/lodash/-/lodash-4.17.15.tgz",
      "integrity": "sha512-8xOcRHvCjnocdS5cpwXQXVzmmh5e5+saE2QGoeQmbKmRS6J3VQppPOIt0MnmE+4xlZoumy0GPG0D0MVIQbNA1A=="
    }
  }
}
